// !$*UTF8*$!
{
	archiveVersion = 1;
	classes = {
	};
	objectVersion = 48;
	objects = {

/* Begin PBXBuildFile section */
		255BA7AE1FA4854100FB051B /* AppDelegate.swift in Sources */ = {isa = PBXBuildFile; fileRef = 255BA7AD1FA4854100FB051B /* AppDelegate.swift */; };
		255BA7B01FA4854100FB051B /* ViewController.swift in Sources */ = {isa = PBXBuildFile; fileRef = 255BA7AF1FA4854100FB051B /* ViewController.swift */; };
		255BA7B31FA4854100FB051B /* Main.storyboard in Resources */ = {isa = PBXBuildFile; fileRef = 255BA7B11FA4854100FB051B /* Main.storyboard */; };
		255BA7B61FA4854100FB051B /* tableNavigator.xcdatamodeld in Sources */ = {isa = PBXBuildFile; fileRef = 255BA7B41FA4854100FB051B /* tableNavigator.xcdatamodeld */; };
		255BA7B81FA4854100FB051B /* Assets.xcassets in Resources */ = {isa = PBXBuildFile; fileRef = 255BA7B71FA4854100FB051B /* Assets.xcassets */; };
		255BA7BB1FA4854100FB051B /* LaunchScreen.storyboard in Resources */ = {isa = PBXBuildFile; fileRef = 255BA7B91FA4854100FB051B /* LaunchScreen.storyboard */; };
		255BA7C31FA4880400FB051B /* CardTableViewCell.swift in Sources */ = {isa = PBXBuildFile; fileRef = 255BA7C21FA4880400FB051B /* CardTableViewCell.swift */; };
		25646CAE1FAC9DC50051944E /* PageController.swift in Sources */ = {isa = PBXBuildFile; fileRef = 25646CAD1FAC9DC50051944E /* PageController.swift */; };
		256EEBF81FE2890900E83A48 /* EditViewController.swift in Sources */ = {isa = PBXBuildFile; fileRef = 256EEBF71FE2890900E83A48 /* EditViewController.swift */; };
		25716F841FBC4B9E00CC65FF /* StretchViewController.swift in Sources */ = {isa = PBXBuildFile; fileRef = 25716F831FBC4B9E00CC65FF /* StretchViewController.swift */; };
		25716F861FBC4DD100CC65FF /* GrayLeather.jpg in Resources */ = {isa = PBXBuildFile; fileRef = 25716F851FBC4DD000CC65FF /* GrayLeather.jpg */; };
		25716F8E1FBC883A00CC65FF /* empty.png in Resources */ = {isa = PBXBuildFile; fileRef = 25716F8D1FBC883A00CC65FF /* empty.png */; };
		257218D81FA7395F0051699F /* CardsManager.swift in Sources */ = {isa = PBXBuildFile; fileRef = 257218D71FA7395F0051699F /* CardsManager.swift */; };
		2572E1901FBEBD960072CA66 /* parfum.png in Resources */ = {isa = PBXBuildFile; fileRef = 2572E18F1FBEBD950072CA66 /* parfum.png */; };
		2572E1921FBEBD9D0072CA66 /* joiner.jpg in Resources */ = {isa = PBXBuildFile; fileRef = 2572E1911FBEBD9C0072CA66 /* joiner.jpg */; };
		25740D841FB1FE0A00A24429 /* FileManager.swift in Sources */ = {isa = PBXBuildFile; fileRef = 25740D831FB1FE0A00A24429 /* FileManager.swift */; };
		2586F0A51FAB114A0082691D /* Extensions.swift in Sources */ = {isa = PBXBuildFile; fileRef = 2586F0A41FAB114A0082691D /* Extensions.swift */; };
		2592FA241FBDA32C007D01F9 /* hold.png in Resources */ = {isa = PBXBuildFile; fileRef = 2592FA231FBDA32C007D01F9 /* hold.png */; };
		2592FA3F1FBDD6AC007D01F9 /* DiscountCard+CoreDataClass.swift in Sources */ = {isa = PBXBuildFile; fileRef = 2592FA3D1FBDD6AC007D01F9 /* DiscountCard+CoreDataClass.swift */; };
		2592FA451FBDEE60007D01F9 /* panda.jpg in Resources */ = {isa = PBXBuildFile; fileRef = 2592FA441FBDEE60007D01F9 /* panda.jpg */; };
		2592FA471FBDEE66007D01F9 /* spar.jpg in Resources */ = {isa = PBXBuildFile; fileRef = 2592FA461FBDEE65007D01F9 /* spar.jpg */; };
		2592FA491FBDEE6B007D01F9 /* sport.jpg in Resources */ = {isa = PBXBuildFile; fileRef = 2592FA481FBDEE6B007D01F9 /* sport.jpg */; };
		2592FA4B1FBDEE71007D01F9 /* premium.jpg in Resources */ = {isa = PBXBuildFile; fileRef = 2592FA4A1FBDEE71007D01F9 /* premium.jpg */; };
		2592FA4D1FBDEE76007D01F9 /* walker.png in Resources */ = {isa = PBXBuildFile; fileRef = 2592FA4C1FBDEE76007D01F9 /* walker.png */; };
		2592FA4F1FBDEE7E007D01F9 /* pass.jpg in Resources */ = {isa = PBXBuildFile; fileRef = 2592FA4E1FBDEE7E007D01F9 /* pass.jpg */; };
		2592FA511FBDEE84007D01F9 /* karavan.jpg in Resources */ = {isa = PBXBuildFile; fileRef = 2592FA501FBDEE84007D01F9 /* karavan.jpg */; };
		259BBD461FBB360100569BF9 /* black.jpg in Resources */ = {isa = PBXBuildFile; fileRef = 259BBD451FBB360100569BF9 /* black.jpg */; };
		259EC95E1FEE8B9E00ACA774 /* NewImageViewController.swift in Sources */ = {isa = PBXBuildFile; fileRef = 259EC95D1FEE8B9E00ACA774 /* NewImageViewController.swift */; };
		259EC9601FEE8C4D00ACA774 /* CropperFrame.swift in Sources */ = {isa = PBXBuildFile; fileRef = 259EC95F1FEE8C4D00ACA774 /* CropperFrame.swift */; };
		65875E39CC0D787DD59A1CFC /* Pods_tableNavigator.framework in Frameworks */ = {isa = PBXBuildFile; fileRef = 8ED035AB60B14C0B2358B4EB /* Pods_tableNavigator.framework */; };
/* End PBXBuildFile section */

/* Begin PBXFileReference section */
		255BA7AA1FA4854100FB051B /* tableNavigator.app */ = {isa = PBXFileReference; explicitFileType = wrapper.application; includeInIndex = 0; path = tableNavigator.app; sourceTree = BUILT_PRODUCTS_DIR; };
		255BA7AD1FA4854100FB051B /* AppDelegate.swift */ = {isa = PBXFileReference; lastKnownFileType = sourcecode.swift; path = AppDelegate.swift; sourceTree = "<group>"; };
		255BA7AF1FA4854100FB051B /* ViewController.swift */ = {isa = PBXFileReference; lastKnownFileType = sourcecode.swift; path = ViewController.swift; sourceTree = "<group>"; };
		255BA7B21FA4854100FB051B /* Base */ = {isa = PBXFileReference; lastKnownFileType = file.storyboard; name = Base; path = Base.lproj/Main.storyboard; sourceTree = "<group>"; };
		255BA7B51FA4854100FB051B /* tableNavigator.xcdatamodel */ = {isa = PBXFileReference; lastKnownFileType = wrapper.xcdatamodel; path = tableNavigator.xcdatamodel; sourceTree = "<group>"; };
		255BA7B71FA4854100FB051B /* Assets.xcassets */ = {isa = PBXFileReference; lastKnownFileType = folder.assetcatalog; path = Assets.xcassets; sourceTree = "<group>"; };
		255BA7BA1FA4854100FB051B /* Base */ = {isa = PBXFileReference; lastKnownFileType = file.storyboard; name = Base; path = Base.lproj/LaunchScreen.storyboard; sourceTree = "<group>"; };
		255BA7BC1FA4854100FB051B /* Info.plist */ = {isa = PBXFileReference; lastKnownFileType = text.plist.xml; path = Info.plist; sourceTree = "<group>"; };
		255BA7C21FA4880400FB051B /* CardTableViewCell.swift */ = {isa = PBXFileReference; lastKnownFileType = sourcecode.swift; path = CardTableViewCell.swift; sourceTree = "<group>"; };
		25646CAD1FAC9DC50051944E /* PageController.swift */ = {isa = PBXFileReference; lastKnownFileType = sourcecode.swift; path = PageController.swift; sourceTree = "<group>"; };
		256EEBF71FE2890900E83A48 /* EditViewController.swift */ = {isa = PBXFileReference; lastKnownFileType = sourcecode.swift; path = EditViewController.swift; sourceTree = "<group>"; };
		25716F831FBC4B9E00CC65FF /* StretchViewController.swift */ = {isa = PBXFileReference; lastKnownFileType = sourcecode.swift; path = StretchViewController.swift; sourceTree = "<group>"; };
		25716F851FBC4DD000CC65FF /* GrayLeather.jpg */ = {isa = PBXFileReference; lastKnownFileType = image.jpeg; path = GrayLeather.jpg; sourceTree = "<group>"; };
		25716F8D1FBC883A00CC65FF /* empty.png */ = {isa = PBXFileReference; lastKnownFileType = image.png; path = empty.png; sourceTree = "<group>"; };
		257218D71FA7395F0051699F /* CardsManager.swift */ = {isa = PBXFileReference; lastKnownFileType = sourcecode.swift; path = CardsManager.swift; sourceTree = "<group>"; };
		2572E18F1FBEBD950072CA66 /* parfum.png */ = {isa = PBXFileReference; lastKnownFileType = image.png; path = parfum.png; sourceTree = "<group>"; };
		2572E1911FBEBD9C0072CA66 /* joiner.jpg */ = {isa = PBXFileReference; lastKnownFileType = image.jpeg; path = joiner.jpg; sourceTree = "<group>"; };
		25740D831FB1FE0A00A24429 /* FileManager.swift */ = {isa = PBXFileReference; lastKnownFileType = sourcecode.swift; path = FileManager.swift; sourceTree = "<group>"; };
		2586F0A41FAB114A0082691D /* Extensions.swift */ = {isa = PBXFileReference; lastKnownFileType = sourcecode.swift; path = Extensions.swift; sourceTree = "<group>"; };
		2592FA231FBDA32C007D01F9 /* hold.png */ = {isa = PBXFileReference; lastKnownFileType = image.png; path = hold.png; sourceTree = "<group>"; };
		2592FA3D1FBDD6AC007D01F9 /* DiscountCard+CoreDataClass.swift */ = {isa = PBXFileReference; lastKnownFileType = sourcecode.swift; path = "DiscountCard+CoreDataClass.swift"; sourceTree = "<group>"; };
		2592FA441FBDEE60007D01F9 /* panda.jpg */ = {isa = PBXFileReference; lastKnownFileType = image.jpeg; path = panda.jpg; sourceTree = "<group>"; };
		2592FA461FBDEE65007D01F9 /* spar.jpg */ = {isa = PBXFileReference; lastKnownFileType = image.jpeg; path = spar.jpg; sourceTree = "<group>"; };
		2592FA481FBDEE6B007D01F9 /* sport.jpg */ = {isa = PBXFileReference; lastKnownFileType = image.jpeg; path = sport.jpg; sourceTree = "<group>"; };
		2592FA4A1FBDEE71007D01F9 /* premium.jpg */ = {isa = PBXFileReference; lastKnownFileType = image.jpeg; path = premium.jpg; sourceTree = "<group>"; };
		2592FA4C1FBDEE76007D01F9 /* walker.png */ = {isa = PBXFileReference; lastKnownFileType = image.png; path = walker.png; sourceTree = "<group>"; };
		2592FA4E1FBDEE7E007D01F9 /* pass.jpg */ = {isa = PBXFileReference; lastKnownFileType = image.jpeg; path = pass.jpg; sourceTree = "<group>"; };
		2592FA501FBDEE84007D01F9 /* karavan.jpg */ = {isa = PBXFileReference; lastKnownFileType = image.jpeg; path = karavan.jpg; sourceTree = "<group>"; };
		259BBD451FBB360100569BF9 /* black.jpg */ = {isa = PBXFileReference; lastKnownFileType = image.jpeg; path = black.jpg; sourceTree = "<group>"; };
		259EC95D1FEE8B9E00ACA774 /* NewImageViewController.swift */ = {isa = PBXFileReference; lastKnownFileType = sourcecode.swift; path = NewImageViewController.swift; sourceTree = "<group>"; };
		259EC95F1FEE8C4D00ACA774 /* CropperFrame.swift */ = {isa = PBXFileReference; lastKnownFileType = sourcecode.swift; path = CropperFrame.swift; sourceTree = "<group>"; };
		5DE88E1682672BC6198D2307 /* Pods-tableNavigator.debug.xcconfig */ = {isa = PBXFileReference; includeInIndex = 1; lastKnownFileType = text.xcconfig; name = "Pods-tableNavigator.debug.xcconfig"; path = "Pods/Target Support Files/Pods-tableNavigator/Pods-tableNavigator.debug.xcconfig"; sourceTree = "<group>"; };
		8ED035AB60B14C0B2358B4EB /* Pods_tableNavigator.framework */ = {isa = PBXFileReference; explicitFileType = wrapper.framework; includeInIndex = 0; path = Pods_tableNavigator.framework; sourceTree = BUILT_PRODUCTS_DIR; };
		BE85AB104915C51BA6D445B0 /* Pods-tableNavigator.release.xcconfig */ = {isa = PBXFileReference; includeInIndex = 1; lastKnownFileType = text.xcconfig; name = "Pods-tableNavigator.release.xcconfig"; path = "Pods/Target Support Files/Pods-tableNavigator/Pods-tableNavigator.release.xcconfig"; sourceTree = "<group>"; };
/* End PBXFileReference section */

/* Begin PBXFrameworksBuildPhase section */
		255BA7A71FA4854100FB051B /* Frameworks */ = {
			isa = PBXFrameworksBuildPhase;
			buildActionMask = 2147483647;
			files = (
				65875E39CC0D787DD59A1CFC /* Pods_tableNavigator.framework in Frameworks */,
			);
			runOnlyForDeploymentPostprocessing = 0;
		};
/* End PBXFrameworksBuildPhase section */

/* Begin PBXGroup section */
		255BA7A11FA4854100FB051B = {
			isa = PBXGroup;
			children = (
				255BA7AC1FA4854100FB051B /* tableNavigator */,
				255BA7AB1FA4854100FB051B /* Products */,
				C8B629F2BD1146E27EBFAFFD /* Pods */,
				37DE0475200290AE44CC6928 /* Frameworks */,
			);
			sourceTree = "<group>";
		};
		255BA7AB1FA4854100FB051B /* Products */ = {
			isa = PBXGroup;
			children = (
				255BA7AA1FA4854100FB051B /* tableNavigator.app */,
			);
			name = Products;
			sourceTree = "<group>";
		};
		255BA7AC1FA4854100FB051B /* tableNavigator */ = {
			isa = PBXGroup;
			children = (
				2592FA3D1FBDD6AC007D01F9 /* DiscountCard+CoreDataClass.swift */,
				255BA7AD1FA4854100FB051B /* AppDelegate.swift */,
				259EC95D1FEE8B9E00ACA774 /* NewImageViewController.swift */,
				2586F0A41FAB114A0082691D /* Extensions.swift */,
				257218D71FA7395F0051699F /* CardsManager.swift */,
				259EC95F1FEE8C4D00ACA774 /* CropperFrame.swift */,
				25740D831FB1FE0A00A24429 /* FileManager.swift */,
				25646CAD1FAC9DC50051944E /* PageController.swift */,
				25716F831FBC4B9E00CC65FF /* StretchViewController.swift */,
				256EEBF71FE2890900E83A48 /* EditViewController.swift */,
				255BA7AF1FA4854100FB051B /* ViewController.swift */,
				255BA7C21FA4880400FB051B /* CardTableViewCell.swift */,
				255BA7B11FA4854100FB051B /* Main.storyboard */,
				2592FA231FBDA32C007D01F9 /* hold.png */,
				25716F8D1FBC883A00CC65FF /* empty.png */,
				2592FA441FBDEE60007D01F9 /* panda.jpg */,
				2592FA461FBDEE65007D01F9 /* spar.jpg */,
				25716F851FBC4DD000CC65FF /* GrayLeather.jpg */,
				259BBD451FBB360100569BF9 /* black.jpg */,
				2592FA481FBDEE6B007D01F9 /* sport.jpg */,
				2592FA4E1FBDEE7E007D01F9 /* pass.jpg */,
				2592FA4C1FBDEE76007D01F9 /* walker.png */,
				2592FA501FBDEE84007D01F9 /* karavan.jpg */,
				2592FA4A1FBDEE71007D01F9 /* premium.jpg */,
				2572E1911FBEBD9C0072CA66 /* joiner.jpg */,
				2572E18F1FBEBD950072CA66 /* parfum.png */,
				255BA7B71FA4854100FB051B /* Assets.xcassets */,
				255BA7B91FA4854100FB051B /* LaunchScreen.storyboard */,
				255BA7BC1FA4854100FB051B /* Info.plist */,
				255BA7B41FA4854100FB051B /* tableNavigator.xcdatamodeld */,
			);
			path = tableNavigator;
			sourceTree = "<group>";
		};
		37DE0475200290AE44CC6928 /* Frameworks */ = {
			isa = PBXGroup;
			children = (
				8ED035AB60B14C0B2358B4EB /* Pods_tableNavigator.framework */,
			);
			name = Frameworks;
			sourceTree = "<group>";
		};
		C8B629F2BD1146E27EBFAFFD /* Pods */ = {
			isa = PBXGroup;
			children = (
				5DE88E1682672BC6198D2307 /* Pods-tableNavigator.debug.xcconfig */,
				BE85AB104915C51BA6D445B0 /* Pods-tableNavigator.release.xcconfig */,
			);
			name = Pods;
			sourceTree = "<group>";
		};
/* End PBXGroup section */

/* Begin PBXNativeTarget section */
		255BA7A91FA4854100FB051B /* tableNavigator */ = {
			isa = PBXNativeTarget;
			buildConfigurationList = 255BA7BF1FA4854100FB051B /* Build configuration list for PBXNativeTarget "tableNavigator" */;
			buildPhases = (
				F1D0CC13E35E9CA7232D698F /* [CP] Check Pods Manifest.lock */,
				255BA7A61FA4854100FB051B /* Sources */,
				255BA7A71FA4854100FB051B /* Frameworks */,
				255BA7A81FA4854100FB051B /* Resources */,
				4974CD1987F55E82C927604B /* [CP] Embed Pods Frameworks */,
				1873648C9D7DF397054E40F2 /* [CP] Copy Pods Resources */,
			);
			buildRules = (
			);
			dependencies = (
			);
			name = tableNavigator;
			productName = tableNavigator;
			productReference = 255BA7AA1FA4854100FB051B /* tableNavigator.app */;
			productType = "com.apple.product-type.application";
		};
/* End PBXNativeTarget section */

/* Begin PBXProject section */
		255BA7A21FA4854100FB051B /* Project object */ = {
			isa = PBXProject;
			attributes = {
				LastSwiftUpdateCheck = 0900;
				LastUpgradeCheck = 0900;
				ORGANIZATIONNAME = adminaccount;
				TargetAttributes = {
					255BA7A91FA4854100FB051B = {
						CreatedOnToolsVersion = 9.0.1;
						ProvisioningStyle = Automatic;
					};
				};
			};
			buildConfigurationList = 255BA7A51FA4854100FB051B /* Build configuration list for PBXProject "tableNavigator" */;
			compatibilityVersion = "Xcode 8.0";
			developmentRegion = en;
			hasScannedForEncodings = 0;
			knownRegions = (
				en,
				Base,
			);
			mainGroup = 255BA7A11FA4854100FB051B;
			productRefGroup = 255BA7AB1FA4854100FB051B /* Products */;
			projectDirPath = "";
			projectRoot = "";
			targets = (
				255BA7A91FA4854100FB051B /* tableNavigator */,
			);
		};
/* End PBXProject section */

/* Begin PBXResourcesBuildPhase section */
		255BA7A81FA4854100FB051B /* Resources */ = {
			isa = PBXResourcesBuildPhase;
			buildActionMask = 2147483647;
			files = (
				2592FA451FBDEE60007D01F9 /* panda.jpg in Resources */,
				2592FA4F1FBDEE7E007D01F9 /* pass.jpg in Resources */,
				2592FA471FBDEE66007D01F9 /* spar.jpg in Resources */,
				2592FA241FBDA32C007D01F9 /* hold.png in Resources */,
				255BA7BB1FA4854100FB051B /* LaunchScreen.storyboard in Resources */,
				2592FA491FBDEE6B007D01F9 /* sport.jpg in Resources */,
				25716F8E1FBC883A00CC65FF /* empty.png in Resources */,
				25716F861FBC4DD100CC65FF /* GrayLeather.jpg in Resources */,
				2572E1901FBEBD960072CA66 /* parfum.png in Resources */,
				255BA7B81FA4854100FB051B /* Assets.xcassets in Resources */,
				255BA7B31FA4854100FB051B /* Main.storyboard in Resources */,
				2592FA4B1FBDEE71007D01F9 /* premium.jpg in Resources */,
				259BBD461FBB360100569BF9 /* black.jpg in Resources */,
				2592FA511FBDEE84007D01F9 /* karavan.jpg in Resources */,
				2572E1921FBEBD9D0072CA66 /* joiner.jpg in Resources */,
				2592FA4D1FBDEE76007D01F9 /* walker.png in Resources */,
			);
			runOnlyForDeploymentPostprocessing = 0;
		};
/* End PBXResourcesBuildPhase section */

/* Begin PBXShellScriptBuildPhase section */
		1873648C9D7DF397054E40F2 /* [CP] Copy Pods Resources */ = {
			isa = PBXShellScriptBuildPhase;
			buildActionMask = 2147483647;
			files = (
			);
			inputPaths = (
			);
			name = "[CP] Copy Pods Resources";
			outputPaths = (
			);
			runOnlyForDeploymentPostprocessing = 0;
			shellPath = /bin/sh;
			shellScript = "\"${SRCROOT}/Pods/Target Support Files/Pods-tableNavigator/Pods-tableNavigator-resources.sh\"\n";
			showEnvVarsInLog = 0;
		};
		4974CD1987F55E82C927604B /* [CP] Embed Pods Frameworks */ = {
			isa = PBXShellScriptBuildPhase;
			buildActionMask = 2147483647;
			files = (
			);
			inputPaths = (
				"${SRCROOT}/Pods/Target Support Files/Pods-tableNavigator/Pods-tableNavigator-frameworks.sh",
				"${BUILT_PRODUCTS_DIR}/RSBarcodes_Swift/RSBarcodes_Swift.framework",
			);
			name = "[CP] Embed Pods Frameworks";
			outputPaths = (
				"${TARGET_BUILD_DIR}/${FRAMEWORKS_FOLDER_PATH}/RSBarcodes_Swift.framework",
			);
			runOnlyForDeploymentPostprocessing = 0;
			shellPath = /bin/sh;
			shellScript = "\"${SRCROOT}/Pods/Target Support Files/Pods-tableNavigator/Pods-tableNavigator-frameworks.sh\"\n";
			showEnvVarsInLog = 0;
		};
		F1D0CC13E35E9CA7232D698F /* [CP] Check Pods Manifest.lock */ = {
			isa = PBXShellScriptBuildPhase;
			buildActionMask = 2147483647;
			files = (
			);
			inputPaths = (
				"${PODS_PODFILE_DIR_PATH}/Podfile.lock",
				"${PODS_ROOT}/Manifest.lock",
			);
			name = "[CP] Check Pods Manifest.lock";
			outputPaths = (
				"$(DERIVED_FILE_DIR)/Pods-tableNavigator-checkManifestLockResult.txt",
			);
			runOnlyForDeploymentPostprocessing = 0;
			shellPath = /bin/sh;
			shellScript = "diff \"${PODS_PODFILE_DIR_PATH}/Podfile.lock\" \"${PODS_ROOT}/Manifest.lock\" > /dev/null\nif [ $? != 0 ] ; then\n    # print error to STDERR\n    echo \"error: The sandbox is not in sync with the Podfile.lock. Run 'pod install' or update your CocoaPods installation.\" >&2\n    exit 1\nfi\n# This output is used by Xcode 'outputs' to avoid re-running this script phase.\necho \"SUCCESS\" > \"${SCRIPT_OUTPUT_FILE_0}\"\n";
			showEnvVarsInLog = 0;
		};
/* End PBXShellScriptBuildPhase section */

/* Begin PBXSourcesBuildPhase section */
		255BA7A61FA4854100FB051B /* Sources */ = {
			isa = PBXSourcesBuildPhase;
			buildActionMask = 2147483647;
			files = (
				259EC9601FEE8C4D00ACA774 /* CropperFrame.swift in Sources */,
				25716F841FBC4B9E00CC65FF /* StretchViewController.swift in Sources */,
				255BA7B01FA4854100FB051B /* ViewController.swift in Sources */,
				255BA7B61FA4854100FB051B /* tableNavigator.xcdatamodeld in Sources */,
				257218D81FA7395F0051699F /* CardsManager.swift in Sources */,
				2592FA3F1FBDD6AC007D01F9 /* DiscountCard+CoreDataClass.swift in Sources */,
				25646CAE1FAC9DC50051944E /* PageController.swift in Sources */,
				25740D841FB1FE0A00A24429 /* FileManager.swift in Sources */,
				255BA7AE1FA4854100FB051B /* AppDelegate.swift in Sources */,
				2586F0A51FAB114A0082691D /* Extensions.swift in Sources */,
				256EEBF81FE2890900E83A48 /* EditViewController.swift in Sources */,
				255BA7C31FA4880400FB051B /* CardTableViewCell.swift in Sources */,
				259EC95E1FEE8B9E00ACA774 /* NewImageViewController.swift in Sources */,
			);
			runOnlyForDeploymentPostprocessing = 0;
		};
/* End PBXSourcesBuildPhase section */

/* Begin PBXVariantGroup section */
		255BA7B11FA4854100FB051B /* Main.storyboard */ = {
			isa = PBXVariantGroup;
			children = (
				255BA7B21FA4854100FB051B /* Base */,
			);
			name = Main.storyboard;
			sourceTree = "<group>";
		};
		255BA7B91FA4854100FB051B /* LaunchScreen.storyboard */ = {
			isa = PBXVariantGroup;
			children = (
				255BA7BA1FA4854100FB051B /* Base */,
			);
			name = LaunchScreen.storyboard;
			sourceTree = "<group>";
		};
/* End PBXVariantGroup section */

/* Begin XCBuildConfiguration section */
		255BA7BD1FA4854100FB051B /* Debug */ = {
			isa = XCBuildConfiguration;
			buildSettings = {
				ALWAYS_SEARCH_USER_PATHS = NO;
				CLANG_ANALYZER_NONNULL = YES;
				CLANG_ANALYZER_NUMBER_OBJECT_CONVERSION = YES_AGGRESSIVE;
				CLANG_CXX_LANGUAGE_STANDARD = "gnu++14";
				CLANG_CXX_LIBRARY = "libc++";
				CLANG_ENABLE_MODULES = YES;
				CLANG_ENABLE_OBJC_ARC = YES;
				CLANG_WARN_BLOCK_CAPTURE_AUTORELEASING = YES;
				CLANG_WARN_BOOL_CONVERSION = YES;
				CLANG_WARN_COMMA = YES;
				CLANG_WARN_CONSTANT_CONVERSION = YES;
				CLANG_WARN_DIRECT_OBJC_ISA_USAGE = YES_ERROR;
				CLANG_WARN_DOCUMENTATION_COMMENTS = YES;
				CLANG_WARN_EMPTY_BODY = YES;
				CLANG_WARN_ENUM_CONVERSION = YES;
				CLANG_WARN_INFINITE_RECURSION = YES;
				CLANG_WARN_INT_CONVERSION = YES;
				CLANG_WARN_NON_LITERAL_NULL_CONVERSION = YES;
				CLANG_WARN_OBJC_LITERAL_CONVERSION = YES;
				CLANG_WARN_OBJC_ROOT_CLASS = YES_ERROR;
				CLANG_WARN_RANGE_LOOP_ANALYSIS = YES;
				CLANG_WARN_STRICT_PROTOTYPES = YES;
				CLANG_WARN_SUSPICIOUS_MOVE = YES;
				CLANG_WARN_UNGUARDED_AVAILABILITY = YES_AGGRESSIVE;
				CLANG_WARN_UNREACHABLE_CODE = YES;
				CLANG_WARN__DUPLICATE_METHOD_MATCH = YES;
				CODE_SIGN_IDENTITY = "iPhone Developer";
				COPY_PHASE_STRIP = NO;
				DEBUG_INFORMATION_FORMAT = dwarf;
				ENABLE_STRICT_OBJC_MSGSEND = YES;
				ENABLE_TESTABILITY = YES;
				GCC_C_LANGUAGE_STANDARD = gnu11;
				GCC_DYNAMIC_NO_PIC = NO;
				GCC_NO_COMMON_BLOCKS = YES;
				GCC_OPTIMIZATION_LEVEL = 0;
				GCC_PREPROCESSOR_DEFINITIONS = (
					"DEBUG=1",
					"$(inherited)",
				);
				GCC_WARN_64_TO_32_BIT_CONVERSION = YES;
				GCC_WARN_ABOUT_RETURN_TYPE = YES_ERROR;
				GCC_WARN_UNDECLARED_SELECTOR = YES;
				GCC_WARN_UNINITIALIZED_AUTOS = YES_AGGRESSIVE;
				GCC_WARN_UNUSED_FUNCTION = YES;
				GCC_WARN_UNUSED_VARIABLE = YES;
				IPHONEOS_DEPLOYMENT_TARGET = 11.0;
				MTL_ENABLE_DEBUG_INFO = YES;
				ONLY_ACTIVE_ARCH = YES;
				SDKROOT = iphoneos;
				SWIFT_ACTIVE_COMPILATION_CONDITIONS = DEBUG;
				SWIFT_OPTIMIZATION_LEVEL = "-Onone";
			};
			name = Debug;
		};
		255BA7BE1FA4854100FB051B /* Release */ = {
			isa = XCBuildConfiguration;
			buildSettings = {
				ALWAYS_SEARCH_USER_PATHS = NO;
				CLANG_ANALYZER_NONNULL = YES;
				CLANG_ANALYZER_NUMBER_OBJECT_CONVERSION = YES_AGGRESSIVE;
				CLANG_CXX_LANGUAGE_STANDARD = "gnu++14";
				CLANG_CXX_LIBRARY = "libc++";
				CLANG_ENABLE_MODULES = YES;
				CLANG_ENABLE_OBJC_ARC = YES;
				CLANG_WARN_BLOCK_CAPTURE_AUTORELEASING = YES;
				CLANG_WARN_BOOL_CONVERSION = YES;
				CLANG_WARN_COMMA = YES;
				CLANG_WARN_CONSTANT_CONVERSION = YES;
				CLANG_WARN_DIRECT_OBJC_ISA_USAGE = YES_ERROR;
				CLANG_WARN_DOCUMENTATION_COMMENTS = YES;
				CLANG_WARN_EMPTY_BODY = YES;
				CLANG_WARN_ENUM_CONVERSION = YES;
				CLANG_WARN_INFINITE_RECURSION = YES;
				CLANG_WARN_INT_CONVERSION = YES;
				CLANG_WARN_NON_LITERAL_NULL_CONVERSION = YES;
				CLANG_WARN_OBJC_LITERAL_CONVERSION = YES;
				CLANG_WARN_OBJC_ROOT_CLASS = YES_ERROR;
				CLANG_WARN_RANGE_LOOP_ANALYSIS = YES;
				CLANG_WARN_STRICT_PROTOTYPES = YES;
				CLANG_WARN_SUSPICIOUS_MOVE = YES;
				CLANG_WARN_UNGUARDED_AVAILABILITY = YES_AGGRESSIVE;
				CLANG_WARN_UNREACHABLE_CODE = YES;
				CLANG_WARN__DUPLICATE_METHOD_MATCH = YES;
				CODE_SIGN_IDENTITY = "iPhone Developer";
				COPY_PHASE_STRIP = NO;
				DEBUG_INFORMATION_FORMAT = "dwarf-with-dsym";
				ENABLE_NS_ASSERTIONS = NO;
				ENABLE_STRICT_OBJC_MSGSEND = YES;
				GCC_C_LANGUAGE_STANDARD = gnu11;
				GCC_NO_COMMON_BLOCKS = YES;
				GCC_WARN_64_TO_32_BIT_CONVERSION = YES;
				GCC_WARN_ABOUT_RETURN_TYPE = YES_ERROR;
				GCC_WARN_UNDECLARED_SELECTOR = YES;
				GCC_WARN_UNINITIALIZED_AUTOS = YES_AGGRESSIVE;
				GCC_WARN_UNUSED_FUNCTION = YES;
				GCC_WARN_UNUSED_VARIABLE = YES;
				IPHONEOS_DEPLOYMENT_TARGET = 11.0;
				MTL_ENABLE_DEBUG_INFO = NO;
				SDKROOT = iphoneos;
				SWIFT_OPTIMIZATION_LEVEL = "-Owholemodule";
				VALIDATE_PRODUCT = YES;
			};
			name = Release;
		};
		255BA7C01FA4854100FB051B /* Debug */ = {
			isa = XCBuildConfiguration;
			baseConfigurationReference = 5DE88E1682672BC6198D2307 /* Pods-tableNavigator.debug.xcconfig */;
			buildSettings = {
				ASSETCATALOG_COMPILER_APPICON_NAME = AppIcon;
				CODE_SIGN_STYLE = Automatic;
				INFOPLIST_FILE = tableNavigator/Info.plist;
				LD_RUNPATH_SEARCH_PATHS = "$(inherited) @executable_path/Frameworks";
				PRODUCT_BUNDLE_IDENTIFIER = ss.tableNavigator;
				PRODUCT_NAME = "$(TARGET_NAME)";
				SWIFT_VERSION = 4.0;
				TARGETED_DEVICE_FAMILY = "1,2";
			};
			name = Debug;
		};
		255BA7C11FA4854100FB051B /* Release */ = {
			isa = XCBuildConfiguration;
			baseConfigurationReference = BE85AB104915C51BA6D445B0 /* Pods-tableNavigator.release.xcconfig */;
			buildSettings = {
				ASSETCATALOG_COMPILER_APPICON_NAME = AppIcon;
				CODE_SIGN_STYLE = Automatic;
				INFOPLIST_FILE = tableNavigator/Info.plist;
				LD_RUNPATH_SEARCH_PATHS = "$(inherited) @executable_path/Frameworks";
				PRODUCT_BUNDLE_IDENTIFIER = ss.tableNavigator;
				PRODUCT_NAME = "$(TARGET_NAME)";
				SWIFT_VERSION = 4.0;
				TARGETED_DEVICE_FAMILY = "1,2";
			};
			name = Release;
		};
/* End XCBuildConfiguration section */

/* Begin XCConfigurationList section */
		255BA7A51FA4854100FB051B /* Build configuration list for PBXProject "tableNavigator" */ = {
			isa = XCConfigurationList;
			buildConfigurations = (
				255BA7BD1FA4854100FB051B /* Debug */,
				255BA7BE1FA4854100FB051B /* Release */,
			);
			defaultConfigurationIsVisible = 0;
			defaultConfigurationName = Release;
		};
		255BA7BF1FA4854100FB051B /* Build configuration list for PBXNativeTarget "tableNavigator" */ = {
			isa = XCConfigurationList;
			buildConfigurations = (
				255BA7C01FA4854100FB051B /* Debug */,
				255BA7C11FA4854100FB051B /* Release */,
			);
			defaultConfigurationIsVisible = 0;
			defaultConfigurationName = Release;
		};
/* End XCConfigurationList section */

/* Begin XCVersionGroup section */
		255BA7B41FA4854100FB051B /* tableNavigator.xcdatamodeld */ = {
			isa = XCVersionGroup;
			children = (
				255BA7B51FA4854100FB051B /* tableNavigator.xcdatamodel */,
			);
			currentVersion = 255BA7B51FA4854100FB051B /* tableNavigator.xcdatamodel */;
			path = tableNavigator.xcdatamodeld;
			sourceTree = "<group>";
			usesTabs = 0;
			versionGroupType = wrapper.xcdatamodel;
		};
/* End XCVersionGroup section */
	};
	rootObject = 255BA7A21FA4854100FB051B /* Project object */;
}
